
Microsoft Visual Studio Solution File, Format Version 12.00
# Visual Studio Version 17
VisualStudioVersion = 17.4.33213.308
MinimumVisualStudioVersion = 10.0.40219.1
Project("{FAE04EC0-301F-11D3-BF4B-00C04F79EFBC}") = "Assignment", "Assignment\Assignment.csproj", "{F6B362D1-1744-46FC-BF47-57E9324BDEE0}"
EndProject
Global
	GlobalSection(SolutionConfigurationPlatforms) = preSolution
		Debug|Any CPU = Debug|Any CPU
		Release|Any CPU = Release|Any CPU
	EndGlobalSection
	GlobalSection(ProjectConfigurationPlatforms) = postSolution
		{F6B362D1-1744-46FC-BF47-57E9324BDEE0}.Debug|Any CPU.ActiveCfg = Debug|Any CPU
		{F6B362D1-1744-46FC-BF47-57E9324BDEE0}.Debug|Any CPU.Build.0 = Debug|Any CPU
		{F6B362D1-1744-46FC-BF47-57E9324BDEE0}.Release|Any CPU.ActiveCfg = Release|Any CPU
		{F6B362D1-1744-46FC-BF47-57E9324BDEE0}.Release|Any CPU.Build.0 = Release|Any CPU
	EndGlobalSection
	GlobalSection(SolutionProperties) = preSolution
		HideSolutionNode = FALSE
	EndGlobalSection
	GlobalSection(ExtensibilityGlobals) = postSolution
		SolutionGuid = {FCE41E7B-9962-4957-BCDC-89DECC720A08}
	EndGlobalSection
EndGlobal
